
Microsoft Visual Studio Solution File, Format Version 12.00
# Visual Studio 14
VisualStudioVersion = 14.0.23107.0
MinimumVisualStudioVersion = 10.0.40219.1
Project("{FAE04EC0-301F-11D3-BF4B-00C04F79EFBC}") = "HellBrick.Diagnostics", "src\HellBrick.Diagnostics\HellBrick.Diagnostics.csproj", "{1B542F07-FCC4-452E-AFB4-7176711D5724}"
EndProject
Project("{FAE04EC0-301F-11D3-BF4B-00C04F79EFBC}") = "HellBrick.Diagnostics.Test", "src\HellBrick.Diagnostics.Test\HellBrick.Diagnostics.Test.csproj", "{802F7F69-3347-4004-A80D-62986BB586DE}"
EndProject
Project("{FAE04EC0-301F-11D3-BF4B-00C04F79EFBC}") = "HellBrick.Diagnostics.Debug.Vsix", "src\HellBrick.Diagnostics.Debug.Vsix\HellBrick.Diagnostics.Debug.Vsix.csproj", "{FE03E80B-A4C7-498A-B35E-98DDB05D2743}"
EndProject
Project("{FAE04EC0-301F-11D3-BF4B-00C04F79EFBC}") = "HellBrick.Diagnostics.ConfigureAwait", "src\HellBrick.Diagnostics.ConfigureAwait\HellBrick.Diagnostics.ConfigureAwait.csproj", "{4170F4D7-DD65-4468-8088-AB942649FDE9}"
EndProject
Project("{FAE04EC0-301F-11D3-BF4B-00C04F79EFBC}") = "HellBrick.Diagnostics.Common", "src\HellBrick.Diagnostics.Common\HellBrick.Diagnostics.Common.csproj", "{458D4E78-D73C-498A-B579-ED1B358CF1B8}"
EndProject
Project("{FAE04EC0-301F-11D3-BF4B-00C04F79EFBC}") = "HellBrick.Diagnostics.Refactorings.Vsix", "src\HellBrick.Diagnostics.Refactorings.Vsix\HellBrick.Diagnostics.Refactorings.Vsix.csproj", "{3E5FBA66-7DBC-43F6-B5FD-FF793F342199}"
EndProject
Global
	GlobalSection(SolutionConfigurationPlatforms) = preSolution
		Debug|Any CPU = Debug|Any CPU
		Release|Any CPU = Release|Any CPU
	EndGlobalSection
	GlobalSection(ProjectConfigurationPlatforms) = postSolution
		{1B542F07-FCC4-452E-AFB4-7176711D5724}.Debug|Any CPU.ActiveCfg = Debug|Any CPU
		{1B542F07-FCC4-452E-AFB4-7176711D5724}.Debug|Any CPU.Build.0 = Debug|Any CPU
		{1B542F07-FCC4-452E-AFB4-7176711D5724}.Release|Any CPU.ActiveCfg = Release|Any CPU
		{1B542F07-FCC4-452E-AFB4-7176711D5724}.Release|Any CPU.Build.0 = Release|Any CPU
		{802F7F69-3347-4004-A80D-62986BB586DE}.Debug|Any CPU.ActiveCfg = Debug|Any CPU
		{802F7F69-3347-4004-A80D-62986BB586DE}.Debug|Any CPU.Build.0 = Debug|Any CPU
		{802F7F69-3347-4004-A80D-62986BB586DE}.Release|Any CPU.ActiveCfg = Release|Any CPU
		{802F7F69-3347-4004-A80D-62986BB586DE}.Release|Any CPU.Build.0 = Release|Any CPU
		{FE03E80B-A4C7-498A-B35E-98DDB05D2743}.Debug|Any CPU.ActiveCfg = Debug|Any CPU
		{FE03E80B-A4C7-498A-B35E-98DDB05D2743}.Debug|Any CPU.Build.0 = Debug|Any CPU
		{FE03E80B-A4C7-498A-B35E-98DDB05D2743}.Release|Any CPU.ActiveCfg = Release|Any CPU
		{FE03E80B-A4C7-498A-B35E-98DDB05D2743}.Release|Any CPU.Build.0 = Release|Any CPU
		{4170F4D7-DD65-4468-8088-AB942649FDE9}.Debug|Any CPU.ActiveCfg = Debug|Any CPU
		{4170F4D7-DD65-4468-8088-AB942649FDE9}.Debug|Any CPU.Build.0 = Debug|Any CPU
		{4170F4D7-DD65-4468-8088-AB942649FDE9}.Release|Any CPU.ActiveCfg = Release|Any CPU
		{4170F4D7-DD65-4468-8088-AB942649FDE9}.Release|Any CPU.Build.0 = Release|Any CPU
		{458D4E78-D73C-498A-B579-ED1B358CF1B8}.Debug|Any CPU.ActiveCfg = Debug|Any CPU
		{458D4E78-D73C-498A-B579-ED1B358CF1B8}.Debug|Any CPU.Build.0 = Debug|Any CPU
		{458D4E78-D73C-498A-B579-ED1B358CF1B8}.Release|Any CPU.ActiveCfg = Release|Any CPU
		{458D4E78-D73C-498A-B579-ED1B358CF1B8}.Release|Any CPU.Build.0 = Release|Any CPU
		{3E5FBA66-7DBC-43F6-B5FD-FF793F342199}.Debug|Any CPU.ActiveCfg = Debug|Any CPU
		{3E5FBA66-7DBC-43F6-B5FD-FF793F342199}.Debug|Any CPU.Build.0 = Debug|Any CPU
		{3E5FBA66-7DBC-43F6-B5FD-FF793F342199}.Release|Any CPU.ActiveCfg = Release|Any CPU
		{3E5FBA66-7DBC-43F6-B5FD-FF793F342199}.Release|Any CPU.Build.0 = Release|Any CPU
	EndGlobalSection
	GlobalSection(SolutionProperties) = preSolution
		HideSolutionNode = FALSE
	EndGlobalSection
EndGlobal
